{
  "name": "@ionited/fiber",
  "version": "0.1.10",
  "lockfileVersion": 3,
  "requires": true,
  "packages": {
    "": {
      "name": "@ionited/fiber",
      "version": "0.1.10",
      "license": "MIT",
      "dependencies": {
        "uWebSockets.js": "https://github.com/uNetworking/uWebSockets.js/archive/refs/tags/v20.30.0.tar.gz"
      },
      "devDependencies": {
        "@types/node": "^20.3.1",
        "typescript": "^5.0.4"
      }
    },
    "node_modules/@types/node": {
      "version": "20.3.1",
      "resolved": "https://registry.npmjs.org/@types/node/-/node-20.3.1.tgz",
      "integrity": "sha512-EhcH/wvidPy1WeML3TtYFGR83UzjxeWRen9V402T8aUGYsCHOmfoisV3ZSg03gAFIbLq8TnWOJ0f4cALtnSEUg==",
      "dev": true
    },
    "node_modules/typescript": {
      "version": "5.0.4",
      "resolved": "https://registry.npmjs.org/typescript/-/typescript-5.0.4.tgz",
      "integrity": "sha512-cW9T5W9xY37cc+jfEnaUvX91foxtHkza3Nw3wkoF4sSlKn0MONdkdEndig/qPBWXNkmplh3NzayQzCiHM4/hqw==",
      "dev": true,
      "bin": {
        "tsc": "bin/tsc",
        "tsserver": "bin/tsserver"
      },
      "engines": {
        "node": ">=12.20"
      }
    },
    "node_modules/uWebSockets.js": {
      "version": "20.30.0",
      "resolved": "https://github.com/uNetworking/uWebSockets.js/archive/refs/tags/v20.30.0.tar.gz",
      "integrity": "sha512-66Mx9tOSLCzifo4MgevvvcJf8eOWmZlxfzKFjE/BY1szHMZ2epgkNCuJ6j3nQv+UflmifZED54DvZkbxZJRiGg=="
    }
  }
}
